
Microsoft Visual Studio Solution File, Format Version 12.00
# Visual Studio Version 17
VisualStudioVersion = 17.2.32526.322
MinimumVisualStudioVersion = 10.0.40219.1
Project("{8BC9CEB8-8B4A-11D0-8D11-00A0C91BC942}") = "1152번_단어의 개수", "1152번_단어의 개수\1152번_단어의 개수.vcxproj", "{7CA36075-50AF-4298-B6DE-3449E5C4796A}"
EndProject
Project("{8BC9CEB8-8B4A-11D0-8D11-00A0C91BC942}") = "1157번_단어 공부", "1157번_단어 공부\1157번_단어 공부.vcxproj", "{6AF19C09-76B8-4061-A002-7C488CEB4485}"
EndProject
Project("{8BC9CEB8-8B4A-11D0-8D11-00A0C91BC942}") = "1546번_평균", "1546번_평균\1546번_평균.vcxproj", "{9B2196E6-7DCE-4AF6-9E34-380D1B914FEE}"
EndProject
Project("{8BC9CEB8-8B4A-11D0-8D11-00A0C91BC942}") = "2439번_별찍기-2", "2439번_별찍기-2\2439번_별찍기-2.vcxproj", "{92589704-C2A3-49A4-B388-6FDD3ABF5D9A}"
EndProject
Project("{8BC9CEB8-8B4A-11D0-8D11-00A0C91BC942}") = "2475번_검증 수", "2475번_검증 수\2475번_검증 수.vcxproj", "{4169BE82-C248-4855-AB75-CB0CE46C9229}"
EndProject
Project("{8BC9CEB8-8B4A-11D0-8D11-00A0C91BC942}") = "2562번_최댓값", "2562번_최댓값\2562번_최댓값.vcxproj", "{6CF0EA8F-4678-4FB7-8A75-F263C52BCC2E}"
EndProject
Project("{8BC9CEB8-8B4A-11D0-8D11-00A0C91BC942}") = "2577번_숫자의 개수", "2577번_숫자의 개수\2577번_숫자의 개수.vcxproj", "{2543546F-1BFD-494C-86AC-4DAD11CEBFE1}"
EndProject
Global
	GlobalSection(SolutionConfigurationPlatforms) = preSolution
		Debug|x64 = Debug|x64
		Debug|x86 = Debug|x86
		Release|x64 = Release|x64
		Release|x86 = Release|x86
	EndGlobalSection
	GlobalSection(ProjectConfigurationPlatforms) = postSolution
		{7CA36075-50AF-4298-B6DE-3449E5C4796A}.Debug|x64.ActiveCfg = Debug|x64
		{7CA36075-50AF-4298-B6DE-3449E5C4796A}.Debug|x64.Build.0 = Debug|x64
		{7CA36075-50AF-4298-B6DE-3449E5C4796A}.Debug|x86.ActiveCfg = Debug|Win32
		{7CA36075-50AF-4298-B6DE-3449E5C4796A}.Debug|x86.Build.0 = Debug|Win32
		{7CA36075-50AF-4298-B6DE-3449E5C4796A}.Release|x64.ActiveCfg = Release|x64
		{7CA36075-50AF-4298-B6DE-3449E5C4796A}.Release|x64.Build.0 = Release|x64
		{7CA36075-50AF-4298-B6DE-3449E5C4796A}.Release|x86.ActiveCfg = Release|Win32
		{7CA36075-50AF-4298-B6DE-3449E5C4796A}.Release|x86.Build.0 = Release|Win32
		{6AF19C09-76B8-4061-A002-7C488CEB4485}.Debug|x64.ActiveCfg = Debug|x64
		{6AF19C09-76B8-4061-A002-7C488CEB4485}.Debug|x64.Build.0 = Debug|x64
		{6AF19C09-76B8-4061-A002-7C488CEB4485}.Debug|x86.ActiveCfg = Debug|Win32
		{6AF19C09-76B8-4061-A002-7C488CEB4485}.Debug|x86.Build.0 = Debug|Win32
		{6AF19C09-76B8-4061-A002-7C488CEB4485}.Release|x64.ActiveCfg = Release|x64
		{6AF19C09-76B8-4061-A002-7C488CEB4485}.Release|x64.Build.0 = Release|x64
		{6AF19C09-76B8-4061-A002-7C488CEB4485}.Release|x86.ActiveCfg = Release|Win32
		{6AF19C09-76B8-4061-A002-7C488CEB4485}.Release|x86.Build.0 = Release|Win32
		{9B2196E6-7DCE-4AF6-9E34-380D1B914FEE}.Debug|x64.ActiveCfg = Debug|x64
		{9B2196E6-7DCE-4AF6-9E34-380D1B914FEE}.Debug|x64.Build.0 = Debug|x64
		{9B2196E6-7DCE-4AF6-9E34-380D1B914FEE}.Debug|x86.ActiveCfg = Debug|Win32
		{9B2196E6-7DCE-4AF6-9E34-380D1B914FEE}.Debug|x86.Build.0 = Debug|Win32
		{9B2196E6-7DCE-4AF6-9E34-380D1B914FEE}.Release|x64.ActiveCfg = Release|x64
		{9B2196E6-7DCE-4AF6-9E34-380D1B914FEE}.Release|x64.Build.0 = Release|x64
		{9B2196E6-7DCE-4AF6-9E34-380D1B914FEE}.Release|x86.ActiveCfg = Release|Win32
		{9B2196E6-7DCE-4AF6-9E34-380D1B914FEE}.Release|x86.Build.0 = Release|Win32
		{92589704-C2A3-49A4-B388-6FDD3ABF5D9A}.Debug|x64.ActiveCfg = Debug|x64
		{92589704-C2A3-49A4-B388-6FDD3ABF5D9A}.Debug|x64.Build.0 = Debug|x64
		{92589704-C2A3-49A4-B388-6FDD3ABF5D9A}.Debug|x86.ActiveCfg = Debug|Win32
		{92589704-C2A3-49A4-B388-6FDD3ABF5D9A}.Debug|x86.Build.0 = Debug|Win32
		{92589704-C2A3-49A4-B388-6FDD3ABF5D9A}.Release|x64.ActiveCfg = Release|x64
		{92589704-C2A3-49A4-B388-6FDD3ABF5D9A}.Release|x64.Build.0 = Release|x64
		{92589704-C2A3-49A4-B388-6FDD3ABF5D9A}.Release|x86.ActiveCfg = Release|Win32
		{92589704-C2A3-49A4-B388-6FDD3ABF5D9A}.Release|x86.Build.0 = Release|Win32
		{4169BE82-C248-4855-AB75-CB0CE46C9229}.Debug|x64.ActiveCfg = Debug|x64
		{4169BE82-C248-4855-AB75-CB0CE46C9229}.Debug|x64.Build.0 = Debug|x64
		{4169BE82-C248-4855-AB75-CB0CE46C9229}.Debug|x86.ActiveCfg = Debug|Win32
		{4169BE82-C248-4855-AB75-CB0CE46C9229}.Debug|x86.Build.0 = Debug|Win32
		{4169BE82-C248-4855-AB75-CB0CE46C9229}.Release|x64.ActiveCfg = Release|x64
		{4169BE82-C248-4855-AB75-CB0CE46C9229}.Release|x64.Build.0 = Release|x64
		{4169BE82-C248-4855-AB75-CB0CE46C9229}.Release|x86.ActiveCfg = Release|Win32
		{4169BE82-C248-4855-AB75-CB0CE46C9229}.Release|x86.Build.0 = Release|Win32
		{6CF0EA8F-4678-4FB7-8A75-F263C52BCC2E}.Debug|x64.ActiveCfg = Debug|x64
		{6CF0EA8F-4678-4FB7-8A75-F263C52BCC2E}.Debug|x64.Build.0 = Debug|x64
		{6CF0EA8F-4678-4FB7-8A75-F263C52BCC2E}.Debug|x86.ActiveCfg = Debug|Win32
		{6CF0EA8F-4678-4FB7-8A75-F263C52BCC2E}.Debug|x86.Build.0 = Debug|Win32
		{6CF0EA8F-4678-4FB7-8A75-F263C52BCC2E}.Release|x64.ActiveCfg = Release|x64
		{6CF0EA8F-4678-4FB7-8A75-F263C52BCC2E}.Release|x64.Build.0 = Release|x64
		{6CF0EA8F-4678-4FB7-8A75-F263C52BCC2E}.Release|x86.ActiveCfg = Release|Win32
		{6CF0EA8F-4678-4FB7-8A75-F263C52BCC2E}.Release|x86.Build.0 = Release|Win32
		{2543546F-1BFD-494C-86AC-4DAD11CEBFE1}.Debug|x64.ActiveCfg = Debug|x64
		{2543546F-1BFD-494C-86AC-4DAD11CEBFE1}.Debug|x64.Build.0 = Debug|x64
		{2543546F-1BFD-494C-86AC-4DAD11CEBFE1}.Debug|x86.ActiveCfg = Debug|Win32
		{2543546F-1BFD-494C-86AC-4DAD11CEBFE1}.Debug|x86.Build.0 = Debug|Win32
		{2543546F-1BFD-494C-86AC-4DAD11CEBFE1}.Release|x64.ActiveCfg = Release|x64
		{2543546F-1BFD-494C-86AC-4DAD11CEBFE1}.Release|x64.Build.0 = Release|x64
		{2543546F-1BFD-494C-86AC-4DAD11CEBFE1}.Release|x86.ActiveCfg = Release|Win32
		{2543546F-1BFD-494C-86AC-4DAD11CEBFE1}.Release|x86.Build.0 = Release|Win32
	EndGlobalSection
	GlobalSection(SolutionProperties) = preSolution
		HideSolutionNode = FALSE
	EndGlobalSection
	GlobalSection(ExtensibilityGlobals) = postSolution
		SolutionGuid = {4313D5F2-6653-4AEF-925E-3B343665EC5C}
	EndGlobalSection
EndGlobal
